
Microsoft Visual Studio Solution File, Format Version 12.00
Project("{FAE04EC0-301F-11D3-BF4B-00C04F79EFBC}") = "Skribble.Interpreter", "Skribble.Interpreter\Skribble.Interpreter.csproj", "{82275442-3738-4553-8027-2ED39EF3DAEF}"
EndProject
Project("{FAE04EC0-301F-11D3-BF4B-00C04F79EFBC}") = "Skribble.Tests", "Skribble.Tests\Skribble.Tests.csproj", "{F1BE5078-C776-4D8B-A4B5-AA624CFBADD1}"
EndProject
Project("{FAE04EC0-301F-11D3-BF4B-00C04F79EFBC}") = "Skribble.Benchmarks", "Skribble.Benchmarks\Skribble.Benchmarks.csproj", "{C88838EB-2875-4C90-9023-5A458F312D68}"
EndProject
Global
	GlobalSection(SolutionConfigurationPlatforms) = preSolution
		Debug|Any CPU = Debug|Any CPU
		Release|Any CPU = Release|Any CPU
	EndGlobalSection
	GlobalSection(ProjectConfigurationPlatforms) = postSolution
		{82275442-3738-4553-8027-2ED39EF3DAEF}.Debug|Any CPU.ActiveCfg = Debug|Any CPU
		{82275442-3738-4553-8027-2ED39EF3DAEF}.Debug|Any CPU.Build.0 = Debug|Any CPU
		{82275442-3738-4553-8027-2ED39EF3DAEF}.Release|Any CPU.ActiveCfg = Release|Any CPU
		{82275442-3738-4553-8027-2ED39EF3DAEF}.Release|Any CPU.Build.0 = Release|Any CPU
		{F1BE5078-C776-4D8B-A4B5-AA624CFBADD1}.Debug|Any CPU.ActiveCfg = Debug|Any CPU
		{F1BE5078-C776-4D8B-A4B5-AA624CFBADD1}.Debug|Any CPU.Build.0 = Debug|Any CPU
		{F1BE5078-C776-4D8B-A4B5-AA624CFBADD1}.Release|Any CPU.ActiveCfg = Release|Any CPU
		{F1BE5078-C776-4D8B-A4B5-AA624CFBADD1}.Release|Any CPU.Build.0 = Release|Any CPU
		{C88838EB-2875-4C90-9023-5A458F312D68}.Debug|Any CPU.ActiveCfg = Debug|Any CPU
		{C88838EB-2875-4C90-9023-5A458F312D68}.Debug|Any CPU.Build.0 = Debug|Any CPU
		{C88838EB-2875-4C90-9023-5A458F312D68}.Release|Any CPU.ActiveCfg = Release|Any CPU
		{C88838EB-2875-4C90-9023-5A458F312D68}.Release|Any CPU.Build.0 = Release|Any CPU
	EndGlobalSection
EndGlobal
